
Microsoft Visual Studio Solution File, Format Version 12.00
# Visual Studio 15
VisualStudioVersion = 15.0.28307.329
MinimumVisualStudioVersion = 10.0.40219.1
Project("{FAE04EC0-301F-11D3-BF4B-00C04F79EFBC}") = "NorthwindDataMVC", "NorthwindDataMVC\NorthwindDataMVC.csproj", "{78957832-ECB3-4A8D-9B32-266D4411AC3D}"
EndProject
Global
	GlobalSection(SolutionConfigurationPlatforms) = preSolution
		Debug|Any CPU = Debug|Any CPU
		Release|Any CPU = Release|Any CPU
	EndGlobalSection
	GlobalSection(ProjectConfigurationPlatforms) = postSolution
		{78957832-ECB3-4A8D-9B32-266D4411AC3D}.Debug|Any CPU.ActiveCfg = Debug|Any CPU
		{78957832-ECB3-4A8D-9B32-266D4411AC3D}.Debug|Any CPU.Build.0 = Debug|Any CPU
		{78957832-ECB3-4A8D-9B32-266D4411AC3D}.Release|Any CPU.ActiveCfg = Release|Any CPU
		{78957832-ECB3-4A8D-9B32-266D4411AC3D}.Release|Any CPU.Build.0 = Release|Any CPU
	EndGlobalSection
	GlobalSection(SolutionProperties) = preSolution
		HideSolutionNode = FALSE
	EndGlobalSection
	GlobalSection(ExtensibilityGlobals) = postSolution
		SolutionGuid = {3471702C-433A-4A22-9186-B5D91905F3DD}
	EndGlobalSection
EndGlobal
